
Microsoft Visual Studio Solution File, Format Version 12.00
# Visual Studio Version 16
VisualStudioVersion = 16.0.31005.135
MinimumVisualStudioVersion = 10.0.40219.1
Project("{FAE04EC0-301F-11D3-BF4B-00C04F79EFBC}") = "Lab01_Student", "Lab01_Student\Lab01_Student.csproj", "{C82944C3-2C8A-4AF3-89E8-285E534FF334}"
EndProject
Global
	GlobalSection(SolutionConfigurationPlatforms) = preSolution
		Debug|Any CPU = Debug|Any CPU
		Release|Any CPU = Release|Any CPU
	EndGlobalSection
	GlobalSection(ProjectConfigurationPlatforms) = postSolution
		{C82944C3-2C8A-4AF3-89E8-285E534FF334}.Debug|Any CPU.ActiveCfg = Debug|Any CPU
		{C82944C3-2C8A-4AF3-89E8-285E534FF334}.Debug|Any CPU.Build.0 = Debug|Any CPU
		{C82944C3-2C8A-4AF3-89E8-285E534FF334}.Release|Any CPU.ActiveCfg = Release|Any CPU
		{C82944C3-2C8A-4AF3-89E8-285E534FF334}.Release|Any CPU.Build.0 = Release|Any CPU
	EndGlobalSection
	GlobalSection(SolutionProperties) = preSolution
		HideSolutionNode = FALSE
	EndGlobalSection
	GlobalSection(ExtensibilityGlobals) = postSolution
		SolutionGuid = {05BFF766-202E-45B8-B46F-259F508009AA}
	EndGlobalSection
EndGlobal
